
Microsoft Visual Studio Solution File, Format Version 12.00
# Visual Studio 14
VisualStudioVersion = 14.0.25420.1
MinimumVisualStudioVersion = 10.0.40219.1
Project("{FAE04EC0-301F-11D3-BF4B-00C04F79EFBC}") = "Repository", "Repository\Repository.csproj", "{2CEC9108-9B72-4EE6-B175-86D23AA54A29}"
EndProject
Project("{FAE04EC0-301F-11D3-BF4B-00C04F79EFBC}") = "Service", "Service\Service.csproj", "{17EF8437-2340-4B30-81CF-4604F24D4D33}"
EndProject
Project("{FAE04EC0-301F-11D3-BF4B-00C04F79EFBC}") = "WebApiService", "WebApiService\WebApiService.csproj", "{32CBF32E-A5D3-40EE-8459-DFC0F2BB7830}"
EndProject
Global
	GlobalSection(SolutionConfigurationPlatforms) = preSolution
		Debug|Any CPU = Debug|Any CPU
		Release|Any CPU = Release|Any CPU
	EndGlobalSection
	GlobalSection(ProjectConfigurationPlatforms) = postSolution
		{2CEC9108-9B72-4EE6-B175-86D23AA54A29}.Debug|Any CPU.ActiveCfg = Debug|Any CPU
		{2CEC9108-9B72-4EE6-B175-86D23AA54A29}.Debug|Any CPU.Build.0 = Debug|Any CPU
		{2CEC9108-9B72-4EE6-B175-86D23AA54A29}.Release|Any CPU.ActiveCfg = Release|Any CPU
		{2CEC9108-9B72-4EE6-B175-86D23AA54A29}.Release|Any CPU.Build.0 = Release|Any CPU
		{17EF8437-2340-4B30-81CF-4604F24D4D33}.Debug|Any CPU.ActiveCfg = Debug|Any CPU
		{17EF8437-2340-4B30-81CF-4604F24D4D33}.Debug|Any CPU.Build.0 = Debug|Any CPU
		{17EF8437-2340-4B30-81CF-4604F24D4D33}.Release|Any CPU.ActiveCfg = Release|Any CPU
		{17EF8437-2340-4B30-81CF-4604F24D4D33}.Release|Any CPU.Build.0 = Release|Any CPU
		{32CBF32E-A5D3-40EE-8459-DFC0F2BB7830}.Debug|Any CPU.ActiveCfg = Debug|Any CPU
		{32CBF32E-A5D3-40EE-8459-DFC0F2BB7830}.Debug|Any CPU.Build.0 = Debug|Any CPU
		{32CBF32E-A5D3-40EE-8459-DFC0F2BB7830}.Release|Any CPU.ActiveCfg = Release|Any CPU
		{32CBF32E-A5D3-40EE-8459-DFC0F2BB7830}.Release|Any CPU.Build.0 = Release|Any CPU
	EndGlobalSection
	GlobalSection(SolutionProperties) = preSolution
		HideSolutionNode = FALSE
	EndGlobalSection
EndGlobal
